// !$*UTF8*$!
{
	archiveVersion = 1;
	classes = {
	};
	objectVersion = 46;
	objects = {

/* Begin PBXBuildFile section */
		4FC1A415E9241C36A5B3FEFC /* Pods.framework in Frameworks */ = {isa = PBXBuildFile; fileRef = 23E316CFC914017F613ECADE /* Pods.framework */; };
		8D4980251BD7C0B0003E47B1 /* switch.png in Resources */ = {isa = PBXBuildFile; fileRef = 8D4980241BD7C0B0003E47B1 /* switch.png */; settings = {ASSET_TAGS = (); }; };
		8DB37FF01BD3B80A0066E36F /* AppDelegate.swift in Sources */ = {isa = PBXBuildFile; fileRef = 8DB37FEF1BD3B80A0066E36F /* AppDelegate.swift */; };
		8DB37FF21BD3B80A0066E36F /* ViewController.swift in Sources */ = {isa = PBXBuildFile; fileRef = 8DB37FF11BD3B80A0066E36F /* ViewController.swift */; };
		8DB37FF71BD3B80A0066E36F /* Assets.xcassets in Resources */ = {isa = PBXBuildFile; fileRef = 8DB37FF61BD3B80A0066E36F /* Assets.xcassets */; };
		8DB37FFA1BD3B80A0066E36F /* LaunchScreen.storyboard in Resources */ = {isa = PBXBuildFile; fileRef = 8DB37FF81BD3B80A0066E36F /* LaunchScreen.storyboard */; };
		8DB380051BD3B80A0066E36F /* modeling_test_6Tests.swift in Sources */ = {isa = PBXBuildFile; fileRef = 8DB380041BD3B80A0066E36F /* modeling_test_6Tests.swift */; };
		8DB380101BD3B80A0066E36F /* modeling_test_6UITests.swift in Sources */ = {isa = PBXBuildFile; fileRef = 8DB3800F1BD3B80A0066E36F /* modeling_test_6UITests.swift */; };
		8DB3801E1BD3BA490066E36F /* applause_01.mp3 in Resources */ = {isa = PBXBuildFile; fileRef = 8DB3801D1BD3BA490066E36F /* applause_01.mp3 */; settings = {ASSET_TAGS = (); }; };
		8DEFC3101BD61E3400E1B487 /* Fabric.framework in Frameworks */ = {isa = PBXBuildFile; fileRef = 8DEFC30C1BD61E3400E1B487 /* Fabric.framework */; settings = {ASSET_TAGS = (); }; };
		8DEFC3111BD61E3400E1B487 /* TwitterKit.framework in Frameworks */ = {isa = PBXBuildFile; fileRef = 8DEFC30D1BD61E3400E1B487 /* TwitterKit.framework */; settings = {ASSET_TAGS = (); }; };
		8DEFC3121BD61E3400E1B487 /* TwitterKitResources.bundle in Resources */ = {isa = PBXBuildFile; fileRef = 8DEFC30E1BD61E3400E1B487 /* TwitterKitResources.bundle */; settings = {ASSET_TAGS = (); }; };
		8DEFC3131BD61E3400E1B487 /* TwitterCore.framework in Frameworks */ = {isa = PBXBuildFile; fileRef = 8DEFC30F1BD61E3400E1B487 /* TwitterCore.framework */; settings = {ASSET_TAGS = (); }; };
		8DEFC31B1BD67B6D00E1B487 /* crrect_answer3.mp3 in Resources */ = {isa = PBXBuildFile; fileRef = 8DEFC31A1BD67B6D00E1B487 /* crrect_answer3.mp3 */; settings = {ASSET_TAGS = (); }; };
		8DEFC31D1BD67DC900E1B487 /* select04.mp3 in Resources */ = {isa = PBXBuildFile; fileRef = 8DEFC31C1BD67DC900E1B487 /* select04.mp3 */; settings = {ASSET_TAGS = (); }; };
/* End PBXBuildFile section */

/* Begin PBXContainerItemProxy section */
		8DB380011BD3B80A0066E36F /* PBXContainerItemProxy */ = {
			isa = PBXContainerItemProxy;
			containerPortal = 8DB37FE41BD3B80A0066E36F /* Project object */;
			proxyType = 1;
			remoteGlobalIDString = 8DB37FEB1BD3B80A0066E36F;
			remoteInfo = modeling_test_6;
		};
		8DB3800C1BD3B80A0066E36F /* PBXContainerItemProxy */ = {
			isa = PBXContainerItemProxy;
			containerPortal = 8DB37FE41BD3B80A0066E36F /* Project object */;
			proxyType = 1;
			remoteGlobalIDString = 8DB37FEB1BD3B80A0066E36F;
			remoteInfo = modeling_test_6;
		};
/* End PBXContainerItemProxy section */

/* Begin PBXFileReference section */
		1F4E8CEFCF5CAB97CDD8960B /* Pods.debug.xcconfig */ = {isa = PBXFileReference; includeInIndex = 1; lastKnownFileType = text.xcconfig; name = Pods.debug.xcconfig; path = "Pods/Target Support Files/Pods/Pods.debug.xcconfig"; sourceTree = "<group>"; };
		23E316CFC914017F613ECADE /* Pods.framework */ = {isa = PBXFileReference; explicitFileType = wrapper.framework; includeInIndex = 0; path = Pods.framework; sourceTree = BUILT_PRODUCTS_DIR; };
		30623C4B20FF2B89EA2C7BF3 /* Pods.release.xcconfig */ = {isa = PBXFileReference; includeInIndex = 1; lastKnownFileType = text.xcconfig; name = Pods.release.xcconfig; path = "Pods/Target Support Files/Pods/Pods.release.xcconfig"; sourceTree = "<group>"; };
		8D4980241BD7C0B0003E47B1 /* switch.png */ = {isa = PBXFileReference; lastKnownFileType = image.png; path = switch.png; sourceTree = "<group>"; };
		8DB37FEC1BD3B80A0066E36F /* modeling_test_6.app */ = {isa = PBXFileReference; explicitFileType = wrapper.application; includeInIndex = 0; path = modeling_test_6.app; sourceTree = BUILT_PRODUCTS_DIR; };
		8DB37FEF1BD3B80A0066E36F /* AppDelegate.swift */ = {isa = PBXFileReference; lastKnownFileType = sourcecode.swift; path = AppDelegate.swift; sourceTree = "<group>"; };
		8DB37FF11BD3B80A0066E36F /* ViewController.swift */ = {isa = PBXFileReference; lastKnownFileType = sourcecode.swift; path = ViewController.swift; sourceTree = "<group>"; };
		8DB37FF61BD3B80A0066E36F /* Assets.xcassets */ = {isa = PBXFileReference; lastKnownFileType = folder.assetcatalog; path = Assets.xcassets; sourceTree = "<group>"; };
		8DB37FF91BD3B80A0066E36F /* Base */ = {isa = PBXFileReference; lastKnownFileType = file.storyboard; name = Base; path = Base.lproj/LaunchScreen.storyboard; sourceTree = "<group>"; };
		8DB37FFB1BD3B80A0066E36F /* Info.plist */ = {isa = PBXFileReference; lastKnownFileType = text.plist.xml; path = Info.plist; sourceTree = "<group>"; };
		8DB380001BD3B80A0066E36F /* modeling_test_6Tests.xctest */ = {isa = PBXFileReference; explicitFileType = wrapper.cfbundle; includeInIndex = 0; path = modeling_test_6Tests.xctest; sourceTree = BUILT_PRODUCTS_DIR; };
		8DB380041BD3B80A0066E36F /* modeling_test_6Tests.swift */ = {isa = PBXFileReference; lastKnownFileType = sourcecode.swift; path = modeling_test_6Tests.swift; sourceTree = "<group>"; };
		8DB380061BD3B80A0066E36F /* Info.plist */ = {isa = PBXFileReference; lastKnownFileType = text.plist.xml; path = Info.plist; sourceTree = "<group>"; };
		8DB3800B1BD3B80A0066E36F /* modeling_test_6UITests.xctest */ = {isa = PBXFileReference; explicitFileType = wrapper.cfbundle; includeInIndex = 0; path = modeling_test_6UITests.xctest; sourceTree = BUILT_PRODUCTS_DIR; };
		8DB3800F1BD3B80A0066E36F /* modeling_test_6UITests.swift */ = {isa = PBXFileReference; lastKnownFileType = sourcecode.swift; path = modeling_test_6UITests.swift; sourceTree = "<group>"; };
		8DB380111BD3B80A0066E36F /* Info.plist */ = {isa = PBXFileReference; lastKnownFileType = text.plist.xml; path = Info.plist; sourceTree = "<group>"; };
		8DB3801D1BD3BA490066E36F /* applause_01.mp3 */ = {isa = PBXFileReference; lastKnownFileType = audio.mp3; path = applause_01.mp3; sourceTree = "<group>"; };
		8DEFC30C1BD61E3400E1B487 /* Fabric.framework */ = {isa = PBXFileReference; lastKnownFileType = wrapper.framework; path = Fabric.framework; sourceTree = "<group>"; };
		8DEFC30D1BD61E3400E1B487 /* TwitterKit.framework */ = {isa = PBXFileReference; lastKnownFileType = wrapper.framework; path = TwitterKit.framework; sourceTree = "<group>"; };
		8DEFC30E1BD61E3400E1B487 /* TwitterKitResources.bundle */ = {isa = PBXFileReference; lastKnownFileType = "wrapper.plug-in"; name = TwitterKitResources.bundle; path = TwitterKit.framework/Versions/A/Resources/TwitterKitResources.bundle; sourceTree = "<group>"; };
		8DEFC30F1BD61E3400E1B487 /* TwitterCore.framework */ = {isa = PBXFileReference; lastKnownFileType = wrapper.framework; path = TwitterCore.framework; sourceTree = "<group>"; };
		8DEFC31A1BD67B6D00E1B487 /* crrect_answer3.mp3 */ = {isa = PBXFileReference; lastKnownFileType = audio.mp3; path = crrect_answer3.mp3; sourceTree = "<group>"; };
		8DEFC31C1BD67DC900E1B487 /* select04.mp3 */ = {isa = PBXFileReference; lastKnownFileType = audio.mp3; path = select04.mp3; sourceTree = "<group>"; };
/* End PBXFileReference section */

/* Begin PBXFrameworksBuildPhase section */
		8DB37FE91BD3B80A0066E36F /* Frameworks */ = {
			isa = PBXFrameworksBuildPhase;
			buildActionMask = 2147483647;
			files = (
				4FC1A415E9241C36A5B3FEFC /* Pods.framework in Frameworks */,
				8DEFC3131BD61E3400E1B487 /* TwitterCore.framework in Frameworks */,
				8DEFC3101BD61E3400E1B487 /* Fabric.framework in Frameworks */,
				8DEFC3111BD61E3400E1B487 /* TwitterKit.framework in Frameworks */,
			);
			runOnlyForDeploymentPostprocessing = 0;
		};
		8DB37FFD1BD3B80A0066E36F /* Frameworks */ = {
			isa = PBXFrameworksBuildPhase;
			buildActionMask = 2147483647;
			files = (
			);
			runOnlyForDeploymentPostprocessing = 0;
		};
		8DB380081BD3B80A0066E36F /* Frameworks */ = {
			isa = PBXFrameworksBuildPhase;
			buildActionMask = 2147483647;
			files = (
			);
			runOnlyForDeploymentPostprocessing = 0;
		};
/* End PBXFrameworksBuildPhase section */

/* Begin PBXGroup section */
		13F43C47ADFBC0DEF63AE872 /* Frameworks */ = {
			isa = PBXGroup;
			children = (
				23E316CFC914017F613ECADE /* Pods.framework */,
			);
			name = Frameworks;
			sourceTree = "<group>";
		};
		7A0249101080FBC9C117A56F /* Pods */ = {
			isa = PBXGroup;
			children = (
				8DEFC30C1BD61E3400E1B487 /* Fabric.framework */,
				8DEFC30D1BD61E3400E1B487 /* TwitterKit.framework */,
				8DEFC30E1BD61E3400E1B487 /* TwitterKitResources.bundle */,
				8DEFC30F1BD61E3400E1B487 /* TwitterCore.framework */,
				1F4E8CEFCF5CAB97CDD8960B /* Pods.debug.xcconfig */,
				30623C4B20FF2B89EA2C7BF3 /* Pods.release.xcconfig */,
			);
			name = Pods;
			sourceTree = "<group>";
		};
		8DB37FE31BD3B80A0066E36F = {
			isa = PBXGroup;
			children = (
				8DB37FEE1BD3B80A0066E36F /* modeling_test_6 */,
				8DB380031BD3B80A0066E36F /* modeling_test_6Tests */,
				8DB3800E1BD3B80A0066E36F /* modeling_test_6UITests */,
				8DB37FED1BD3B80A0066E36F /* Products */,
				7A0249101080FBC9C117A56F /* Pods */,
				13F43C47ADFBC0DEF63AE872 /* Frameworks */,
			);
			sourceTree = "<group>";
		};
		8DB37FED1BD3B80A0066E36F /* Products */ = {
			isa = PBXGroup;
			children = (
				8DB37FEC1BD3B80A0066E36F /* modeling_test_6.app */,
				8DB380001BD3B80A0066E36F /* modeling_test_6Tests.xctest */,
				8DB3800B1BD3B80A0066E36F /* modeling_test_6UITests.xctest */,
			);
			name = Products;
			sourceTree = "<group>";
		};
		8DB37FEE1BD3B80A0066E36F /* modeling_test_6 */ = {
			isa = PBXGroup;
			children = (
				8DB37FEF1BD3B80A0066E36F /* AppDelegate.swift */,
				8DB37FF11BD3B80A0066E36F /* ViewController.swift */,
				8DB37FF61BD3B80A0066E36F /* Assets.xcassets */,
				8DB37FF81BD3B80A0066E36F /* LaunchScreen.storyboard */,
				8DB37FFB1BD3B80A0066E36F /* Info.plist */,
				8DEFC31C1BD67DC900E1B487 /* select04.mp3 */,
				8DEFC31A1BD67B6D00E1B487 /* crrect_answer3.mp3 */,
				8D4980241BD7C0B0003E47B1 /* switch.png */,
				8DB3801D1BD3BA490066E36F /* applause_01.mp3 */,
			);
			path = modeling_test_6;
			sourceTree = "<group>";
		};
		8DB380031BD3B80A0066E36F /* modeling_test_6Tests */ = {
			isa = PBXGroup;
			children = (
				8DB380041BD3B80A0066E36F /* modeling_test_6Tests.swift */,
				8DB380061BD3B80A0066E36F /* Info.plist */,
			);
			path = modeling_test_6Tests;
			sourceTree = "<group>";
		};
		8DB3800E1BD3B80A0066E36F /* modeling_test_6UITests */ = {
			isa = PBXGroup;
			children = (
				8DB3800F1BD3B80A0066E36F /* modeling_test_6UITests.swift */,
				8DB380111BD3B80A0066E36F /* Info.plist */,
			);
			path = modeling_test_6UITests;
			sourceTree = "<group>";
		};
/* End PBXGroup section */

/* Begin PBXNativeTarget section */
		8DB37FEB1BD3B80A0066E36F /* modeling_test_6 */ = {
			isa = PBXNativeTarget;
			buildConfigurationList = 8DB380141BD3B80A0066E36F /* Build configuration list for PBXNativeTarget "modeling_test_6" */;
			buildPhases = (
				C44086996E1DAE4ED0F6FBBD /* Check Pods Manifest.lock */,
				8DB37FE81BD3B80A0066E36F /* Sources */,
				8DB37FE91BD3B80A0066E36F /* Frameworks */,
				8DB37FEA1BD3B80A0066E36F /* Resources */,
				653A763C1EAC8D3F8B74658C /* Embed Pods Frameworks */,
				414CD923D7B26327572C75B3 /* Copy Pods Resources */,
				8DEFC30B1BD61D3C00E1B487 /* ShellScript */,
			);
			buildRules = (
			);
			dependencies = (
			);
			name = modeling_test_6;
			productName = modeling_test_6;
			productReference = 8DB37FEC1BD3B80A0066E36F /* modeling_test_6.app */;
			productType = "com.apple.product-type.application";
		};
		8DB37FFF1BD3B80A0066E36F /* modeling_test_6Tests */ = {
			isa = PBXNativeTarget;
			buildConfigurationList = 8DB380171BD3B80A0066E36F /* Build configuration list for PBXNativeTarget "modeling_test_6Tests" */;
			buildPhases = (
				8DB37FFC1BD3B80A0066E36F /* Sources */,
				8DB37FFD1BD3B80A0066E36F /* Frameworks */,
				8DB37FFE1BD3B80A0066E36F /* Resources */,
			);
			buildRules = (
			);
			dependencies = (
				8DB380021BD3B80A0066E36F /* PBXTargetDependency */,
			);
			name = modeling_test_6Tests;
			productName = modeling_test_6Tests;
			productReference = 8DB380001BD3B80A0066E36F /* modeling_test_6Tests.xctest */;
			productType = "com.apple.product-type.bundle.unit-test";
		};
		8DB3800A1BD3B80A0066E36F /* modeling_test_6UITests */ = {
			isa = PBXNativeTarget;
			buildConfigurationList = 8DB3801A1BD3B80A0066E36F /* Build configuration list for PBXNativeTarget "modeling_test_6UITests" */;
			buildPhases = (
				8DB380071BD3B80A0066E36F /* Sources */,
				8DB380081BD3B80A0066E36F /* Frameworks */,
				8DB380091BD3B80A0066E36F /* Resources */,
			);
			buildRules = (
			);
			dependencies = (
				8DB3800D1BD3B80A0066E36F /* PBXTargetDependency */,
			);
			name = modeling_test_6UITests;
			productName = modeling_test_6UITests;
			productReference = 8DB3800B1BD3B80A0066E36F /* modeling_test_6UITests.xctest */;
			productType = "com.apple.product-type.bundle.ui-testing";
		};
/* End PBXNativeTarget section */

/* Begin PBXProject section */
		8DB37FE41BD3B80A0066E36F /* Project object */ = {
			isa = PBXProject;
			attributes = {
				LastUpgradeCheck = 0700;
				ORGANIZATIONNAME = test;
				TargetAttributes = {
					8DB37FEB1BD3B80A0066E36F = {
						CreatedOnToolsVersion = 7.0.1;
					};
					8DB37FFF1BD3B80A0066E36F = {
						CreatedOnToolsVersion = 7.0.1;
						TestTargetID = 8DB37FEB1BD3B80A0066E36F;
					};
					8DB3800A1BD3B80A0066E36F = {
						CreatedOnToolsVersion = 7.0.1;
						TestTargetID = 8DB37FEB1BD3B80A0066E36F;
					};
				};
			};
			buildConfigurationList = 8DB37FE71BD3B80A0066E36F /* Build configuration list for PBXProject "modeling_test_6" */;
			compatibilityVersion = "Xcode 3.2";
			developmentRegion = English;
			hasScannedForEncodings = 0;
			knownRegions = (
				en,
				Base,
			);
			mainGroup = 8DB37FE31BD3B80A0066E36F;
			productRefGroup = 8DB37FED1BD3B80A0066E36F /* Products */;
			projectDirPath = "";
			projectRoot = "";
			targets = (
				8DB37FEB1BD3B80A0066E36F /* modeling_test_6 */,
				8DB37FFF1BD3B80A0066E36F /* modeling_test_6Tests */,
				8DB3800A1BD3B80A0066E36F /* modeling_test_6UITests */,
			);
		};
/* End PBXProject section */

/* Begin PBXResourcesBuildPhase section */
		8DB37FEA1BD3B80A0066E36F /* Resources */ = {
			isa = PBXResourcesBuildPhase;
			buildActionMask = 2147483647;
			files = (
				8DEFC31D1BD67DC900E1B487 /* select04.mp3 in Resources */,
				8DEFC3121BD61E3400E1B487 /* TwitterKitResources.bundle in Resources */,
				8D4980251BD7C0B0003E47B1 /* switch.png in Resources */,
				8DB37FFA1BD3B80A0066E36F /* LaunchScreen.storyboard in Resources */,
				8DEFC31B1BD67B6D00E1B487 /* crrect_answer3.mp3 in Resources */,
				8DB37FF71BD3B80A0066E36F /* Assets.xcassets in Resources */,
				8DB3801E1BD3BA490066E36F /* applause_01.mp3 in Resources */,
			);
			runOnlyForDeploymentPostprocessing = 0;
		};
		8DB37FFE1BD3B80A0066E36F /* Resources */ = {
			isa = PBXResourcesBuildPhase;
			buildActionMask = 2147483647;
			files = (
			);
			runOnlyForDeploymentPostprocessing = 0;
		};
		8DB380091BD3B80A0066E36F /* Resources */ = {
			isa = PBXResourcesBuildPhase;
			buildActionMask = 2147483647;
			files = (
			);
			runOnlyForDeploymentPostprocessing = 0;
		};
/* End PBXResourcesBuildPhase section */

/* Begin PBXShellScriptBuildPhase section */
		414CD923D7B26327572C75B3 /* Copy Pods Resources */ = {
			isa = PBXShellScriptBuildPhase;
			buildActionMask = 2147483647;
			files = (
			);
			inputPaths = (
			);
			name = "Copy Pods Resources";
			outputPaths = (
			);
			runOnlyForDeploymentPostprocessing = 0;
			shellPath = /bin/sh;
			shellScript = "./Fabric.framework/run e5c991f439dd637150d895559abec11e6e0ac3c5 f969bec520ff08b5306e3d981cb39893d60c9cbb939b925921d5ec76fccc6ee6";
		};
		653A763C1EAC8D3F8B74658C /* Embed Pods Frameworks */ = {
			isa = PBXShellScriptBuildPhase;
			buildActionMask = 2147483647;
			files = (
			);
			inputPaths = (
			);
			name = "Embed Pods Frameworks";
			outputPaths = (
			);
			runOnlyForDeploymentPostprocessing = 0;
			shellPath = /bin/sh;
			shellScript = "\"${SRCROOT}/Pods/Target Support Files/Pods/Pods-frameworks.sh\"\n";
			showEnvVarsInLog = 0;
		};
		8DEFC30B1BD61D3C00E1B487 /* ShellScript */ = {
			isa = PBXShellScriptBuildPhase;
			buildActionMask = 2147483647;
			files = (
			);
			inputPaths = (
			);
			outputPaths = (
			);
			runOnlyForDeploymentPostprocessing = 0;
			shellPath = /bin/sh;
			shellScript = "";
		};
		C44086996E1DAE4ED0F6FBBD /* Check Pods Manifest.lock */ = {
			isa = PBXShellScriptBuildPhase;
			buildActionMask = 2147483647;
			files = (
			);
			inputPaths = (
			);
			name = "Check Pods Manifest.lock";
			outputPaths = (
			);
			runOnlyForDeploymentPostprocessing = 0;
			shellPath = /bin/sh;
			shellScript = "diff \"${PODS_ROOT}/../Podfile.lock\" \"${PODS_ROOT}/Manifest.lock\" > /dev/null\nif [[ $? != 0 ]] ; then\n    cat << EOM\nerror: The sandbox is not in sync with the Podfile.lock. Run 'pod install' or update your CocoaPods installation.\nEOM\n    exit 1\nfi\n";
			showEnvVarsInLog = 0;
		};
/* End PBXShellScriptBuildPhase section */

/* Begin PBXSourcesBuildPhase section */
		8DB37FE81BD3B80A0066E36F /* Sources */ = {
			isa = PBXSourcesBuildPhase;
			buildActionMask = 2147483647;
			files = (
				8DB37FF21BD3B80A0066E36F /* ViewController.swift in Sources */,
				8DB37FF01BD3B80A0066E36F /* AppDelegate.swift in Sources */,
			);
			runOnlyForDeploymentPostprocessing = 0;
		};
		8DB37FFC1BD3B80A0066E36F /* Sources */ = {
			isa = PBXSourcesBuildPhase;
			buildActionMask = 2147483647;
			files = (
				8DB380051BD3B80A0066E36F /* modeling_test_6Tests.swift in Sources */,
			);
			runOnlyForDeploymentPostprocessing = 0;
		};
		8DB380071BD3B80A0066E36F /* Sources */ = {
			isa = PBXSourcesBuildPhase;
			buildActionMask = 2147483647;
			files = (
				8DB380101BD3B80A0066E36F /* modeling_test_6UITests.swift in Sources */,
			);
			runOnlyForDeploymentPostprocessing = 0;
		};
/* End PBXSourcesBuildPhase section */

/* Begin PBXTargetDependency section */
		8DB380021BD3B80A0066E36F /* PBXTargetDependency */ = {
			isa = PBXTargetDependency;
			target = 8DB37FEB1BD3B80A0066E36F /* modeling_test_6 */;
			targetProxy = 8DB380011BD3B80A0066E36F /* PBXContainerItemProxy */;
		};
		8DB3800D1BD3B80A0066E36F /* PBXTargetDependency */ = {
			isa = PBXTargetDependency;
			target = 8DB37FEB1BD3B80A0066E36F /* modeling_test_6 */;
			targetProxy = 8DB3800C1BD3B80A0066E36F /* PBXContainerItemProxy */;
		};
/* End PBXTargetDependency section */

/* Begin PBXVariantGroup section */
		8DB37FF81BD3B80A0066E36F /* LaunchScreen.storyboard */ = {
			isa = PBXVariantGroup;
			children = (
				8DB37FF91BD3B80A0066E36F /* Base */,
			);
			name = LaunchScreen.storyboard;
			sourceTree = "<group>";
		};
/* End PBXVariantGroup section */

/* Begin XCBuildConfiguration section */
		8DB380121BD3B80A0066E36F /* Debug */ = {
			isa = XCBuildConfiguration;
			buildSettings = {
				ALWAYS_SEARCH_USER_PATHS = NO;
				CLANG_CXX_LANGUAGE_STANDARD = "gnu++0x";
				CLANG_CXX_LIBRARY = "libc++";
				CLANG_ENABLE_MODULES = YES;
				CLANG_ENABLE_OBJC_ARC = YES;
				CLANG_WARN_BOOL_CONVERSION = YES;
				CLANG_WARN_CONSTANT_CONVERSION = YES;
				CLANG_WARN_DIRECT_OBJC_ISA_USAGE = YES_ERROR;
				CLANG_WARN_EMPTY_BODY = YES;
				CLANG_WARN_ENUM_CONVERSION = YES;
				CLANG_WARN_INT_CONVERSION = YES;
				CLANG_WARN_OBJC_ROOT_CLASS = YES_ERROR;
				CLANG_WARN_UNREACHABLE_CODE = YES;
				CLANG_WARN__DUPLICATE_METHOD_MATCH = YES;
				"CODE_SIGN_IDENTITY[sdk=iphoneos*]" = "iPhone Developer";
				COPY_PHASE_STRIP = NO;
				DEBUG_INFORMATION_FORMAT = dwarf;
				ENABLE_STRICT_OBJC_MSGSEND = YES;
				ENABLE_TESTABILITY = YES;
				GCC_C_LANGUAGE_STANDARD = gnu99;
				GCC_DYNAMIC_NO_PIC = NO;
				GCC_NO_COMMON_BLOCKS = YES;
				GCC_OPTIMIZATION_LEVEL = 0;
				GCC_PREPROCESSOR_DEFINITIONS = (
					"DEBUG=1",
					"$(inherited)",
				);
				GCC_WARN_64_TO_32_BIT_CONVERSION = YES;
				GCC_WARN_ABOUT_RETURN_TYPE = YES_ERROR;
				GCC_WARN_UNDECLARED_SELECTOR = YES;
				GCC_WARN_UNINITIALIZED_AUTOS = YES_AGGRESSIVE;
				GCC_WARN_UNUSED_FUNCTION = YES;
				GCC_WARN_UNUSED_VARIABLE = YES;
				IPHONEOS_DEPLOYMENT_TARGET = 9.0;
				MTL_ENABLE_DEBUG_INFO = YES;
				ONLY_ACTIVE_ARCH = YES;
				SDKROOT = iphoneos;
				SWIFT_OPTIMIZATION_LEVEL = "-Onone";
				TARGETED_DEVICE_FAMILY = "1,2";
			};
			name = Debug;
		};
		8DB380131BD3B80A0066E36F /* Release */ = {
			isa = XCBuildConfiguration;
			buildSettings = {
				ALWAYS_SEARCH_USER_PATHS = NO;
				CLANG_CXX_LANGUAGE_STANDARD = "gnu++0x";
				CLANG_CXX_LIBRARY = "libc++";
				CLANG_ENABLE_MODULES = YES;
				CLANG_ENABLE_OBJC_ARC = YES;
				CLANG_WARN_BOOL_CONVERSION = YES;
				CLANG_WARN_CONSTANT_CONVERSION = YES;
				CLANG_WARN_DIRECT_OBJC_ISA_USAGE = YES_ERROR;
				CLANG_WARN_EMPTY_BODY = YES;
				CLANG_WARN_ENUM_CONVERSION = YES;
				CLANG_WARN_INT_CONVERSION = YES;
				CLANG_WARN_OBJC_ROOT_CLASS = YES_ERROR;
				CLANG_WARN_UNREACHABLE_CODE = YES;
				CLANG_WARN__DUPLICATE_METHOD_MATCH = YES;
				"CODE_SIGN_IDENTITY[sdk=iphoneos*]" = "iPhone Developer";
				COPY_PHASE_STRIP = NO;
				DEBUG_INFORMATION_FORMAT = "dwarf-with-dsym";
				ENABLE_NS_ASSERTIONS = NO;
				ENABLE_STRICT_OBJC_MSGSEND = YES;
				GCC_C_LANGUAGE_STANDARD = gnu99;
				GCC_NO_COMMON_BLOCKS = YES;
				GCC_WARN_64_TO_32_BIT_CONVERSION = YES;
				GCC_WARN_ABOUT_RETURN_TYPE = YES_ERROR;
				GCC_WARN_UNDECLARED_SELECTOR = YES;
				GCC_WARN_UNINITIALIZED_AUTOS = YES_AGGRESSIVE;
				GCC_WARN_UNUSED_FUNCTION = YES;
				GCC_WARN_UNUSED_VARIABLE = YES;
				IPHONEOS_DEPLOYMENT_TARGET = 9.0;
				MTL_ENABLE_DEBUG_INFO = NO;
				SDKROOT = iphoneos;
				TARGETED_DEVICE_FAMILY = "1,2";
				VALIDATE_PRODUCT = YES;
			};
			name = Release;
		};
		8DB380151BD3B80A0066E36F /* Debug */ = {
			isa = XCBuildConfiguration;
			baseConfigurationReference = 1F4E8CEFCF5CAB97CDD8960B /* Pods.debug.xcconfig */;
			buildSettings = {
				ASSETCATALOG_COMPILER_APPICON_NAME = AppIcon;
				FRAMEWORK_SEARCH_PATHS = (
					"$(inherited)",
					"$(PROJECT_DIR)",
				);
				INFOPLIST_FILE = modeling_test_6/Info.plist;
				LD_RUNPATH_SEARCH_PATHS = "$(inherited) @executable_path/Frameworks";
				PRODUCT_BUNDLE_IDENTIFIER = "term.modeling-test-6";
				PRODUCT_NAME = "$(TARGET_NAME)";
			};
			name = Debug;
		};
		8DB380161BD3B80A0066E36F /* Release */ = {
			isa = XCBuildConfiguration;
			baseConfigurationReference = 30623C4B20FF2B89EA2C7BF3 /* Pods.release.xcconfig */;
			buildSettings = {
				ASSETCATALOG_COMPILER_APPICON_NAME = AppIcon;
				FRAMEWORK_SEARCH_PATHS = (
					"$(inherited)",
					"$(PROJECT_DIR)",
				);
				INFOPLIST_FILE = modeling_test_6/Info.plist;
				LD_RUNPATH_SEARCH_PATHS = "$(inherited) @executable_path/Frameworks";
				PRODUCT_BUNDLE_IDENTIFIER = "term.modeling-test-6";
				PRODUCT_NAME = "$(TARGET_NAME)";
			};
			name = Release;
		};
		8DB380181BD3B80A0066E36F /* Debug */ = {
			isa = XCBuildConfiguration;
			buildSettings = {
				BUNDLE_LOADER = "$(TEST_HOST)";
				INFOPLIST_FILE = modeling_test_6Tests/Info.plist;
				LD_RUNPATH_SEARCH_PATHS = "$(inherited) @executable_path/Frameworks @loader_path/Frameworks";
				PRODUCT_BUNDLE_IDENTIFIER = "term.modeling-test-6Tests";
				PRODUCT_NAME = "$(TARGET_NAME)";
				TEST_HOST = "$(BUILT_PRODUCTS_DIR)/modeling_test_6.app/modeling_test_6";
			};
			name = Debug;
		};
		8DB380191BD3B80A0066E36F /* Release */ = {
			isa = XCBuildConfiguration;
			buildSettings = {
				BUNDLE_LOADER = "$(TEST_HOST)";
				INFOPLIST_FILE = modeling_test_6Tests/Info.plist;
				LD_RUNPATH_SEARCH_PATHS = "$(inherited) @executable_path/Frameworks @loader_path/Frameworks";
				PRODUCT_BUNDLE_IDENTIFIER = "term.modeling-test-6Tests";
				PRODUCT_NAME = "$(TARGET_NAME)";
				TEST_HOST = "$(BUILT_PRODUCTS_DIR)/modeling_test_6.app/modeling_test_6";
			};
			name = Release;
		};
		8DB3801B1BD3B80A0066E36F /* Debug */ = {
			isa = XCBuildConfiguration;
			buildSettings = {
				INFOPLIST_FILE = modeling_test_6UITests/Info.plist;
				LD_RUNPATH_SEARCH_PATHS = "$(inherited) @executable_path/Frameworks @loader_path/Frameworks";
				PRODUCT_BUNDLE_IDENTIFIER = "term.modeling-test-6UITests";
				PRODUCT_NAME = "$(TARGET_NAME)";
				TEST_TARGET_NAME = modeling_test_6;
				USES_XCTRUNNER = YES;
			};
			name = Debug;
		};
		8DB3801C1BD3B80A0066E36F /* Release */ = {
			isa = XCBuildConfiguration;
			buildSettings = {
				INFOPLIST_FILE = modeling_test_6UITests/Info.plist;
				LD_RUNPATH_SEARCH_PATHS = "$(inherited) @executable_path/Frameworks @loader_path/Frameworks";
				PRODUCT_BUNDLE_IDENTIFIER = "term.modeling-test-6UITests";
				PRODUCT_NAME = "$(TARGET_NAME)";
				TEST_TARGET_NAME = modeling_test_6;
				USES_XCTRUNNER = YES;
			};
			name = Release;
		};
/* End XCBuildConfiguration section */

/* Begin XCConfigurationList section */
		8DB37FE71BD3B80A0066E36F /* Build configuration list for PBXProject "modeling_test_6" */ = {
			isa = XCConfigurationList;
			buildConfigurations = (
				8DB380121BD3B80A0066E36F /* Debug */,
				8DB380131BD3B80A0066E36F /* Release */,
			);
			defaultConfigurationIsVisible = 0;
			defaultConfigurationName = Release;
		};
		8DB380141BD3B80A0066E36F /* Build configuration list for PBXNativeTarget "modeling_test_6" */ = {
			isa = XCConfigurationList;
			buildConfigurations = (
				8DB380151BD3B80A0066E36F /* Debug */,
				8DB380161BD3B80A0066E36F /* Release */,
			);
			defaultConfigurationIsVisible = 0;
			defaultConfigurationName = Release;
		};
		8DB380171BD3B80A0066E36F /* Build configuration list for PBXNativeTarget "modeling_test_6Tests" */ = {
			isa = XCConfigurationList;
			buildConfigurations = (
				8DB380181BD3B80A0066E36F /* Debug */,
				8DB380191BD3B80A0066E36F /* Release */,
			);
			defaultConfigurationIsVisible = 0;
			defaultConfigurationName = Release;
		};
		8DB3801A1BD3B80A0066E36F /* Build configuration list for PBXNativeTarget "modeling_test_6UITests" */ = {
			isa = XCConfigurationList;
			buildConfigurations = (
				8DB3801B1BD3B80A0066E36F /* Debug */,
				8DB3801C1BD3B80A0066E36F /* Release */,
			);
			defaultConfigurationIsVisible = 0;
			defaultConfigurationName = Release;
		};
/* End XCConfigurationList section */
	};
	rootObject = 8DB37FE41BD3B80A0066E36F /* Project object */;
}
